
Microsoft Visual Studio Solution File, Format Version 12.00
# Visual Studio Version 16
VisualStudioVersion = 16.0.30204.135
MinimumVisualStudioVersion = 10.0.40219.1
Project("{9A19103F-16F7-4668-BE54-9A1E7A4F7556}") = "Api.Gateway", "Api.Gateway\Api.Gateway.csproj", "{1A816426-B891-4923-A66D-ABD8A7080B2C}"
EndProject
Project("{9A19103F-16F7-4668-BE54-9A1E7A4F7556}") = "ApiOne", "ApiOne\ApiOne.csproj", "{383161C1-9AD1-4382-9F97-4066135E3C6C}"
EndProject
Project("{9A19103F-16F7-4668-BE54-9A1E7A4F7556}") = "ApiTwo", "ApiTwo\ApiTwo.csproj", "{A4A3B611-7AFF-4501-81E0-9B01A1CC3982}"
EndProject
Project("{9A19103F-16F7-4668-BE54-9A1E7A4F7556}") = "ST.Common", "ST.Common\ST.Common.csproj", "{169B0FDC-07E0-4D8D-B24A-FB103385274D}"
EndProject
Project("{9A19103F-16F7-4668-BE54-9A1E7A4F7556}") = "User.Identity", "User.Identity\User.Identity.csproj", "{FA806871-2E97-4CA2-842C-AA9AF16F92B0}"
EndProject
Project("{2150E333-8FDC-42A3-9474-1A3956D46DE8}") = "BuildingBlocks", "BuildingBlocks", "{701E3824-20AE-4C52-AA98-4C9BB90448DE}"
EndProject
Project("{9A19103F-16F7-4668-BE54-9A1E7A4F7556}") = "Resilience", "Resilience\Resilience.csproj", "{BB46E39C-1A7F-453A-8F4B-452B0D527F10}"
EndProject
Project("{9A19103F-16F7-4668-BE54-9A1E7A4F7556}") = "User.Api", "User.Api\User.Api.csproj", "{44571395-6590-43C4-8AF4-48AA0247ADB6}"
EndProject
Project("{9A19103F-16F7-4668-BE54-9A1E7A4F7556}") = "ST.Infrastructure", "ST.Infrastructure\ST.Infrastructure.csproj", "{C7F539CA-A725-4CD0-9C4F-74E3DB60AAE0}"
EndProject
Project("{9A19103F-16F7-4668-BE54-9A1E7A4F7556}") = "Contact.Api", "Contact.Api\Contact.Api.csproj", "{18B402BA-5B12-4D5A-B46D-68306F5996E5}"
EndProject
Project("{9A19103F-16F7-4668-BE54-9A1E7A4F7556}") = "IdentityGateway", "IdentityGateway\IdentityGateway.csproj", "{160B1B76-7D56-466A-A529-7364535E48DA}"
EndProject
Project("{9A19103F-16F7-4668-BE54-9A1E7A4F7556}") = "DockerTest", "DockerTest\DockerTest.csproj", "{B8DF4345-6FB0-4E9D-9580-DE61CAA8E4B4}"
EndProject
Project("{2150E333-8FDC-42A3-9474-1A3956D46DE8}") = "Project", "Project", "{FD0DB2E9-FF50-4B1E-A72C-61435CCE88AC}"
EndProject
Project("{9A19103F-16F7-4668-BE54-9A1E7A4F7556}") = "Project.API", "Project\Project.API\Project.API.csproj", "{AD19E07D-C8E3-4B80-BCB1-1C1512266D82}"
EndProject
Project("{9A19103F-16F7-4668-BE54-9A1E7A4F7556}") = "Project.Domain", "Project\Project.Domain\Project.Domain.csproj", "{0919C9BA-4C7D-441A-8E11-049AE4640921}"
EndProject
Project("{9A19103F-16F7-4668-BE54-9A1E7A4F7556}") = "Project.Infrastructure", "Project\Project.Infrastructure\Project.Infrastructure.csproj", "{CACF8185-440A-481B-B302-3014C834F325}"
EndProject
Project("{9A19103F-16F7-4668-BE54-9A1E7A4F7556}") = "Recommend.API", "Recommend.API\Recommend.API.csproj", "{649B38E0-09D6-4923-B57A-6874B2F5F5F8}"
EndProject
Project("{2150E333-8FDC-42A3-9474-1A3956D46DE8}") = "Swaggers", "Swaggers", "{1BAC453B-3C92-4F28-AB96-82A268C451F2}"
EndProject
Project("{9A19103F-16F7-4668-BE54-9A1E7A4F7556}") = "Api.Document", "Api.Document\Api.Document.csproj", "{C510BC48-E793-41D1-8411-22C805CDDCEA}"
EndProject
Project("{2150E333-8FDC-42A3-9474-1A3956D46DE8}") = "UserRpc", "UserRpc", "{83399601-8217-4786-A7FA-668629A2F604}"
EndProject
Project("{9A19103F-16F7-4668-BE54-9A1E7A4F7556}") = "ST.Grpc", "ST.Grpc\ST.Grpc.csproj", "{E4618C13-6044-4A25-B229-C816E4061E98}"
EndProject
Project("{9A19103F-16F7-4668-BE54-9A1E7A4F7556}") = "User.Grpc", "User.Grpc\User.Grpc.csproj", "{574651FB-7890-48E3-A9B4-0E4BCE925206}"
EndProject
Project("{9A19103F-16F7-4668-BE54-9A1E7A4F7556}") = "User.GrpcService", "User.GrpcService\User.GrpcService.csproj", "{E92ACED9-26F2-41EF-9EEA-04853C604E85}"
EndProject
Project("{2150E333-8FDC-42A3-9474-1A3956D46DE8}") = "ServicesManager", "ServicesManager", "{2EBDD35D-73F1-473E-AAFE-A750A27E3D11}"
EndProject
Global
	GlobalSection(SolutionConfigurationPlatforms) = preSolution
		Debug|Any CPU = Debug|Any CPU
		Release|Any CPU = Release|Any CPU
	EndGlobalSection
	GlobalSection(ProjectConfigurationPlatforms) = postSolution
		{1A816426-B891-4923-A66D-ABD8A7080B2C}.Debug|Any CPU.ActiveCfg = Debug|Any CPU
		{1A816426-B891-4923-A66D-ABD8A7080B2C}.Debug|Any CPU.Build.0 = Debug|Any CPU
		{1A816426-B891-4923-A66D-ABD8A7080B2C}.Release|Any CPU.ActiveCfg = Release|Any CPU
		{1A816426-B891-4923-A66D-ABD8A7080B2C}.Release|Any CPU.Build.0 = Release|Any CPU
		{383161C1-9AD1-4382-9F97-4066135E3C6C}.Debug|Any CPU.ActiveCfg = Debug|Any CPU
		{383161C1-9AD1-4382-9F97-4066135E3C6C}.Debug|Any CPU.Build.0 = Debug|Any CPU
		{383161C1-9AD1-4382-9F97-4066135E3C6C}.Release|Any CPU.ActiveCfg = Release|Any CPU
		{383161C1-9AD1-4382-9F97-4066135E3C6C}.Release|Any CPU.Build.0 = Release|Any CPU
		{A4A3B611-7AFF-4501-81E0-9B01A1CC3982}.Debug|Any CPU.ActiveCfg = Debug|Any CPU
		{A4A3B611-7AFF-4501-81E0-9B01A1CC3982}.Debug|Any CPU.Build.0 = Debug|Any CPU
		{A4A3B611-7AFF-4501-81E0-9B01A1CC3982}.Release|Any CPU.ActiveCfg = Release|Any CPU
		{A4A3B611-7AFF-4501-81E0-9B01A1CC3982}.Release|Any CPU.Build.0 = Release|Any CPU
		{169B0FDC-07E0-4D8D-B24A-FB103385274D}.Debug|Any CPU.ActiveCfg = Debug|Any CPU
		{169B0FDC-07E0-4D8D-B24A-FB103385274D}.Debug|Any CPU.Build.0 = Debug|Any CPU
		{169B0FDC-07E0-4D8D-B24A-FB103385274D}.Release|Any CPU.ActiveCfg = Release|Any CPU
		{169B0FDC-07E0-4D8D-B24A-FB103385274D}.Release|Any CPU.Build.0 = Release|Any CPU
		{FA806871-2E97-4CA2-842C-AA9AF16F92B0}.Debug|Any CPU.ActiveCfg = Debug|Any CPU
		{FA806871-2E97-4CA2-842C-AA9AF16F92B0}.Debug|Any CPU.Build.0 = Debug|Any CPU
		{FA806871-2E97-4CA2-842C-AA9AF16F92B0}.Release|Any CPU.ActiveCfg = Release|Any CPU
		{FA806871-2E97-4CA2-842C-AA9AF16F92B0}.Release|Any CPU.Build.0 = Release|Any CPU
		{BB46E39C-1A7F-453A-8F4B-452B0D527F10}.Debug|Any CPU.ActiveCfg = Debug|Any CPU
		{BB46E39C-1A7F-453A-8F4B-452B0D527F10}.Debug|Any CPU.Build.0 = Debug|Any CPU
		{BB46E39C-1A7F-453A-8F4B-452B0D527F10}.Release|Any CPU.ActiveCfg = Release|Any CPU
		{BB46E39C-1A7F-453A-8F4B-452B0D527F10}.Release|Any CPU.Build.0 = Release|Any CPU
		{44571395-6590-43C4-8AF4-48AA0247ADB6}.Debug|Any CPU.ActiveCfg = Debug|Any CPU
		{44571395-6590-43C4-8AF4-48AA0247ADB6}.Debug|Any CPU.Build.0 = Debug|Any CPU
		{44571395-6590-43C4-8AF4-48AA0247ADB6}.Release|Any CPU.ActiveCfg = Release|Any CPU
		{44571395-6590-43C4-8AF4-48AA0247ADB6}.Release|Any CPU.Build.0 = Release|Any CPU
		{C7F539CA-A725-4CD0-9C4F-74E3DB60AAE0}.Debug|Any CPU.ActiveCfg = Debug|Any CPU
		{C7F539CA-A725-4CD0-9C4F-74E3DB60AAE0}.Debug|Any CPU.Build.0 = Debug|Any CPU
		{C7F539CA-A725-4CD0-9C4F-74E3DB60AAE0}.Release|Any CPU.ActiveCfg = Release|Any CPU
		{C7F539CA-A725-4CD0-9C4F-74E3DB60AAE0}.Release|Any CPU.Build.0 = Release|Any CPU
		{18B402BA-5B12-4D5A-B46D-68306F5996E5}.Debug|Any CPU.ActiveCfg = Debug|Any CPU
		{18B402BA-5B12-4D5A-B46D-68306F5996E5}.Debug|Any CPU.Build.0 = Debug|Any CPU
		{18B402BA-5B12-4D5A-B46D-68306F5996E5}.Release|Any CPU.ActiveCfg = Release|Any CPU
		{18B402BA-5B12-4D5A-B46D-68306F5996E5}.Release|Any CPU.Build.0 = Release|Any CPU
		{160B1B76-7D56-466A-A529-7364535E48DA}.Debug|Any CPU.ActiveCfg = Debug|Any CPU
		{160B1B76-7D56-466A-A529-7364535E48DA}.Debug|Any CPU.Build.0 = Debug|Any CPU
		{160B1B76-7D56-466A-A529-7364535E48DA}.Release|Any CPU.ActiveCfg = Release|Any CPU
		{160B1B76-7D56-466A-A529-7364535E48DA}.Release|Any CPU.Build.0 = Release|Any CPU
		{B8DF4345-6FB0-4E9D-9580-DE61CAA8E4B4}.Debug|Any CPU.ActiveCfg = Debug|Any CPU
		{B8DF4345-6FB0-4E9D-9580-DE61CAA8E4B4}.Debug|Any CPU.Build.0 = Debug|Any CPU
		{B8DF4345-6FB0-4E9D-9580-DE61CAA8E4B4}.Release|Any CPU.ActiveCfg = Release|Any CPU
		{B8DF4345-6FB0-4E9D-9580-DE61CAA8E4B4}.Release|Any CPU.Build.0 = Release|Any CPU
		{AD19E07D-C8E3-4B80-BCB1-1C1512266D82}.Debug|Any CPU.ActiveCfg = Debug|Any CPU
		{AD19E07D-C8E3-4B80-BCB1-1C1512266D82}.Debug|Any CPU.Build.0 = Debug|Any CPU
		{AD19E07D-C8E3-4B80-BCB1-1C1512266D82}.Release|Any CPU.ActiveCfg = Release|Any CPU
		{AD19E07D-C8E3-4B80-BCB1-1C1512266D82}.Release|Any CPU.Build.0 = Release|Any CPU
		{0919C9BA-4C7D-441A-8E11-049AE4640921}.Debug|Any CPU.ActiveCfg = Debug|Any CPU
		{0919C9BA-4C7D-441A-8E11-049AE4640921}.Debug|Any CPU.Build.0 = Debug|Any CPU
		{0919C9BA-4C7D-441A-8E11-049AE4640921}.Release|Any CPU.ActiveCfg = Release|Any CPU
		{0919C9BA-4C7D-441A-8E11-049AE4640921}.Release|Any CPU.Build.0 = Release|Any CPU
		{CACF8185-440A-481B-B302-3014C834F325}.Debug|Any CPU.ActiveCfg = Debug|Any CPU
		{CACF8185-440A-481B-B302-3014C834F325}.Debug|Any CPU.Build.0 = Debug|Any CPU
		{CACF8185-440A-481B-B302-3014C834F325}.Release|Any CPU.ActiveCfg = Release|Any CPU
		{CACF8185-440A-481B-B302-3014C834F325}.Release|Any CPU.Build.0 = Release|Any CPU
		{649B38E0-09D6-4923-B57A-6874B2F5F5F8}.Debug|Any CPU.ActiveCfg = Debug|Any CPU
		{649B38E0-09D6-4923-B57A-6874B2F5F5F8}.Debug|Any CPU.Build.0 = Debug|Any CPU
		{649B38E0-09D6-4923-B57A-6874B2F5F5F8}.Release|Any CPU.ActiveCfg = Release|Any CPU
		{649B38E0-09D6-4923-B57A-6874B2F5F5F8}.Release|Any CPU.Build.0 = Release|Any CPU
		{C510BC48-E793-41D1-8411-22C805CDDCEA}.Debug|Any CPU.ActiveCfg = Debug|Any CPU
		{C510BC48-E793-41D1-8411-22C805CDDCEA}.Debug|Any CPU.Build.0 = Debug|Any CPU
		{C510BC48-E793-41D1-8411-22C805CDDCEA}.Release|Any CPU.ActiveCfg = Release|Any CPU
		{C510BC48-E793-41D1-8411-22C805CDDCEA}.Release|Any CPU.Build.0 = Release|Any CPU
		{E4618C13-6044-4A25-B229-C816E4061E98}.Debug|Any CPU.ActiveCfg = Debug|Any CPU
		{E4618C13-6044-4A25-B229-C816E4061E98}.Debug|Any CPU.Build.0 = Debug|Any CPU
		{E4618C13-6044-4A25-B229-C816E4061E98}.Release|Any CPU.ActiveCfg = Release|Any CPU
		{E4618C13-6044-4A25-B229-C816E4061E98}.Release|Any CPU.Build.0 = Release|Any CPU
		{574651FB-7890-48E3-A9B4-0E4BCE925206}.Debug|Any CPU.ActiveCfg = Debug|Any CPU
		{574651FB-7890-48E3-A9B4-0E4BCE925206}.Debug|Any CPU.Build.0 = Debug|Any CPU
		{574651FB-7890-48E3-A9B4-0E4BCE925206}.Release|Any CPU.ActiveCfg = Release|Any CPU
		{574651FB-7890-48E3-A9B4-0E4BCE925206}.Release|Any CPU.Build.0 = Release|Any CPU
		{E92ACED9-26F2-41EF-9EEA-04853C604E85}.Debug|Any CPU.ActiveCfg = Debug|Any CPU
		{E92ACED9-26F2-41EF-9EEA-04853C604E85}.Debug|Any CPU.Build.0 = Debug|Any CPU
		{E92ACED9-26F2-41EF-9EEA-04853C604E85}.Release|Any CPU.ActiveCfg = Release|Any CPU
		{E92ACED9-26F2-41EF-9EEA-04853C604E85}.Release|Any CPU.Build.0 = Release|Any CPU
	EndGlobalSection
	GlobalSection(SolutionProperties) = preSolution
		HideSolutionNode = FALSE
	EndGlobalSection
	GlobalSection(NestedProjects) = preSolution
		{BB46E39C-1A7F-453A-8F4B-452B0D527F10} = {701E3824-20AE-4C52-AA98-4C9BB90448DE}
		{AD19E07D-C8E3-4B80-BCB1-1C1512266D82} = {FD0DB2E9-FF50-4B1E-A72C-61435CCE88AC}
		{0919C9BA-4C7D-441A-8E11-049AE4640921} = {FD0DB2E9-FF50-4B1E-A72C-61435CCE88AC}
		{CACF8185-440A-481B-B302-3014C834F325} = {FD0DB2E9-FF50-4B1E-A72C-61435CCE88AC}
		{C510BC48-E793-41D1-8411-22C805CDDCEA} = {1BAC453B-3C92-4F28-AB96-82A268C451F2}
		{574651FB-7890-48E3-A9B4-0E4BCE925206} = {83399601-8217-4786-A7FA-668629A2F604}
		{E92ACED9-26F2-41EF-9EEA-04853C604E85} = {83399601-8217-4786-A7FA-668629A2F604}
	EndGlobalSection
	GlobalSection(ExtensibilityGlobals) = postSolution
		SolutionGuid = {A5531CA9-3848-4C97-8E6F-C89CF80019DF}
	EndGlobalSection
EndGlobal
